
Microsoft Visual Studio Solution File, Format Version 12.00
# Visual Studio Version 17
VisualStudioVersion = 17.4.33205.214
MinimumVisualStudioVersion = 10.0.40219.1
Project("{FAE04EC0-301F-11D3-BF4B-00C04F79EFBC}") = "0414", "0414\0414.csproj", "{631097D1-2835-45CB-BF84-1DF4ABF2348C}"
EndProject
Global
	GlobalSection(SolutionConfigurationPlatforms) = preSolution
		Debug|Any CPU = Debug|Any CPU
		Release|Any CPU = Release|Any CPU
	EndGlobalSection
	GlobalSection(ProjectConfigurationPlatforms) = postSolution
		{631097D1-2835-45CB-BF84-1DF4ABF2348C}.Debug|Any CPU.ActiveCfg = Debug|Any CPU
		{631097D1-2835-45CB-BF84-1DF4ABF2348C}.Debug|Any CPU.Build.0 = Debug|Any CPU
		{631097D1-2835-45CB-BF84-1DF4ABF2348C}.Release|Any CPU.ActiveCfg = Release|Any CPU
		{631097D1-2835-45CB-BF84-1DF4ABF2348C}.Release|Any CPU.Build.0 = Release|Any CPU
	EndGlobalSection
	GlobalSection(SolutionProperties) = preSolution
		HideSolutionNode = FALSE
	EndGlobalSection
	GlobalSection(ExtensibilityGlobals) = postSolution
		SolutionGuid = {3D02EB4D-1615-41CA-ADA6-CCD31DA0D462}
	EndGlobalSection
EndGlobal
